
Microsoft Visual Studio Solution File, Format Version 12.00
# Visual Studio Version 17
VisualStudioVersion = 17.5.33530.505
MinimumVisualStudioVersion = 10.0.40219.1
Project("{FAE04EC0-301F-11D3-BF4B-00C04F79EFBC}") = "Events", "Events\Events.csproj", "{7CBF7AC0-8965-47DA-A39F-FD4D29D271AB}"
EndProject
Global
	GlobalSection(SolutionConfigurationPlatforms) = preSolution
		Debug|Any CPU = Debug|Any CPU
		Release|Any CPU = Release|Any CPU
	EndGlobalSection
	GlobalSection(ProjectConfigurationPlatforms) = postSolution
		{7CBF7AC0-8965-47DA-A39F-FD4D29D271AB}.Debug|Any CPU.ActiveCfg = Debug|Any CPU
		{7CBF7AC0-8965-47DA-A39F-FD4D29D271AB}.Debug|Any CPU.Build.0 = Debug|Any CPU
		{7CBF7AC0-8965-47DA-A39F-FD4D29D271AB}.Release|Any CPU.ActiveCfg = Release|Any CPU
		{7CBF7AC0-8965-47DA-A39F-FD4D29D271AB}.Release|Any CPU.Build.0 = Release|Any CPU
	EndGlobalSection
	GlobalSection(SolutionProperties) = preSolution
		HideSolutionNode = FALSE
	EndGlobalSection
	GlobalSection(ExtensibilityGlobals) = postSolution
		SolutionGuid = {4846E667-DAF5-4506-ADFC-09B4362EA2A7}
	EndGlobalSection
EndGlobal
